
Microsoft Visual Studio Solution File, Format Version 12.00
# Visual Studio Version 17
VisualStudioVersion = 17.11.35312.102
MinimumVisualStudioVersion = 10.0.40219.1
Project("{FAE04EC0-301F-11D3-BF4B-00C04F79EFBC}") = "CareerHub.UI", "CareerHub.UI.csproj", "{3B63F537-5DFC-4ADE-9FD1-B69FE1C55376}"
EndProject
Project("{FAE04EC0-301F-11D3-BF4B-00C04F79EFBC}") = "CareerHub.Entity", "..\CareerHub.Entity\CareerHub.Entity.csproj", "{8E6C49EB-B840-4E5C-A0CE-677C2C30C12F}"
EndProject
Project("{FAE04EC0-301F-11D3-BF4B-00C04F79EFBC}") = "CareerHub.BusinessLayer", "..\CareerHub.BusinessLayer\CareerHub.BusinessLayer.csproj", "{07CD4DD0-F0C0-4F7C-B98F-20F5DC0EB2D4}"
EndProject
Global
	GlobalSection(SolutionConfigurationPlatforms) = preSolution
		Debug|Any CPU = Debug|Any CPU
		Release|Any CPU = Release|Any CPU
	EndGlobalSection
	GlobalSection(ProjectConfigurationPlatforms) = postSolution
		{3B63F537-5DFC-4ADE-9FD1-B69FE1C55376}.Debug|Any CPU.ActiveCfg = Debug|Any CPU
		{3B63F537-5DFC-4ADE-9FD1-B69FE1C55376}.Debug|Any CPU.Build.0 = Debug|Any CPU
		{3B63F537-5DFC-4ADE-9FD1-B69FE1C55376}.Release|Any CPU.ActiveCfg = Release|Any CPU
		{3B63F537-5DFC-4ADE-9FD1-B69FE1C55376}.Release|Any CPU.Build.0 = Release|Any CPU
		{8E6C49EB-B840-4E5C-A0CE-677C2C30C12F}.Debug|Any CPU.ActiveCfg = Debug|Any CPU
		{8E6C49EB-B840-4E5C-A0CE-677C2C30C12F}.Debug|Any CPU.Build.0 = Debug|Any CPU
		{8E6C49EB-B840-4E5C-A0CE-677C2C30C12F}.Release|Any CPU.ActiveCfg = Release|Any CPU
		{8E6C49EB-B840-4E5C-A0CE-677C2C30C12F}.Release|Any CPU.Build.0 = Release|Any CPU
		{07CD4DD0-F0C0-4F7C-B98F-20F5DC0EB2D4}.Debug|Any CPU.ActiveCfg = Debug|Any CPU
		{07CD4DD0-F0C0-4F7C-B98F-20F5DC0EB2D4}.Debug|Any CPU.Build.0 = Debug|Any CPU
		{07CD4DD0-F0C0-4F7C-B98F-20F5DC0EB2D4}.Release|Any CPU.ActiveCfg = Release|Any CPU
		{07CD4DD0-F0C0-4F7C-B98F-20F5DC0EB2D4}.Release|Any CPU.Build.0 = Release|Any CPU
	EndGlobalSection
	GlobalSection(SolutionProperties) = preSolution
		HideSolutionNode = FALSE
	EndGlobalSection
	GlobalSection(ExtensibilityGlobals) = postSolution
		SolutionGuid = {B9FC122F-E71D-4D17-90C5-0E744D99E1E7}
	EndGlobalSection
EndGlobal
